{
  "version": 4,
  "terraform_version": "1.5.3",
  "serial": 27,
  "lineage": "a1794380-8f4b-1376-39af-61a8223acec2",
  "outputs": {
    "acr_admin_pass": {
      "value": "b5RJe3wc4/PFv/Q5OFRx+BUx27v7xPOXfKjGIVINx3+ACRCH/3XR",
      "type": "string",
      "sensitive": true
    },
    "acr_admin_user": {
      "value": "containerregistryquim",
      "type": "string",
      "sensitive": true
    },
    "acr_login_server": {
      "value": "containerregistryquim.azurecr.io",
      "type": "string"
    },
    "ssh_user": {
      "value": "azureroot",
      "type": "string"
    },
    "vm_public_ip": {
      "value": "",
      "type": "string"
    }
  },
  "resources": [
    {
      "module": "module.container_registry",
      "mode": "managed",
      "type": "azurerm_container_registry",
      "name": "acr",
      "provider": "provider[\"registry.terraform.io/hashicorp/azurerm\"]",
      "instances": [
        {
          "schema_version": 2,
          "attributes": {
            "admin_enabled": true,
            "admin_password": "b5RJe3wc4/PFv/Q5OFRx+BUx27v7xPOXfKjGIVINx3+ACRCH/3XR",
            "admin_username": "containerregistryquim",
            "anonymous_pull_enabled": false,
            "data_endpoint_enabled": false,
            "encryption": [
              {
                "enabled": false,
                "identity_client_id": "",
                "key_vault_key_id": ""
              }
            ],
            "export_policy_enabled": true,
            "georeplications": [],
            "id": "/subscriptions/eef74415-acfe-4016-a033-fa924bad0e2b/resourceGroups/rg_quim/providers/Microsoft.ContainerRegistry/registries/containerregistryquim",
            "identity": [],
            "location": "uksouth",
            "login_server": "containerregistryquim.azurecr.io",
            "name": "containerregistryquim",
            "network_rule_bypass_option": "AzureServices",
            "network_rule_set": [],
            "public_network_access_enabled": true,
            "quarantine_policy_enabled": false,
            "resource_group_name": "rg_quim",
            "retention_policy": [
              {
                "days": 7,
                "enabled": false
              }
            ],
            "sku": "Basic",
            "tags": {},
            "timeouts": null,
            "trust_policy": [
              {
                "enabled": false
              }
            ],
            "zone_redundancy_enabled": false
          },
          "sensitive_attributes": [],
          "private": "eyJlMmJmYjczMC1lY2FhLTExZTYtOGY4OC0zNDM2M2JjN2M0YzAiOnsiY3JlYXRlIjoxODAwMDAwMDAwMDAwLCJkZWxldGUiOjE4MDAwMDAwMDAwMDAsInJlYWQiOjMwMDAwMDAwMDAwMCwidXBkYXRlIjoxODAwMDAwMDAwMDAwfSwic2NoZW1hX3ZlcnNpb24iOiIyIn0="
        }
      ]
    },
    {
      "module": "module.resource_group",
      "mode": "managed",
      "type": "azurerm_resource_group",
      "name": "resource_group",
      "provider": "provider[\"registry.terraform.io/hashicorp/azurerm\"]",
      "instances": [
        {
          "schema_version": 0,
          "attributes": {
            "id": "/subscriptions/eef74415-acfe-4016-a033-fa924bad0e2b/resourceGroups/rg_quim",
            "location": "uksouth",
            "name": "rg_quim",
            "tags": {},
            "timeouts": null
          },
          "sensitive_attributes": [],
          "private": "eyJlMmJmYjczMC1lY2FhLTExZTYtOGY4OC0zNDM2M2JjN2M0YzAiOnsiY3JlYXRlIjo1NDAwMDAwMDAwMDAwLCJkZWxldGUiOjU0MDAwMDAwMDAwMDAsInJlYWQiOjMwMDAwMDAwMDAwMCwidXBkYXRlIjo1NDAwMDAwMDAwMDAwfX0="
        }
      ]
    },
    {
      "module": "module.virtual_machine",
      "mode": "managed",
      "type": "azurerm_linux_virtual_machine",
      "name": "vm",
      "provider": "provider[\"registry.terraform.io/hashicorp/azurerm\"]",
      "instances": [
        {
          "schema_version": 0,
          "attributes": {
            "additional_capabilities": [],
            "admin_password": null,
            "admin_ssh_key": [
              {
                "public_key": "ssh-rsa AAAAB3NzaC1yc2EAAAADAQABAAABgQDfZtfwJ2MoJoaxntjUmcP4+8ti62YMubNqBe+vG8Fnhp28+uLSLWjpYZjkEuJ0wXwagwT35Jk8suHeMqU4Gt2AR6GkzD6QSu+E/IxLpK+MoTgawCjqVqz9bozLm+923OmeShderIu2iZiBsZaz4Rn+ZuEoeCqrtoyK1wvPvtD4QjgJihz3XcRCw703c4VqWqd6efDXKjFPGcpomrK8lsfQfEUSAkhpQmNwf3AqBhYqk03hOZuukUGtK3GAlIQvrAUXSXANfJ789NQ7TrSVN3gTlIZ5biCjcldWgPOSSNV9pGCHjTAt3brTt1ezbljMgV3L1DQsve67UTKunfWq8xi1ptvMHo1tC77hYYKswQrtgh4g1h/jfg67ltrpbcbR16h1OtbI+9WWMN6zHnKE5vFBO/j7zrXDXlf5dubK4nYZgoZiorHiwoTS+3rXR9K4k6l9b4Qv0O4pYNOstk9tzNlqvvqSzXORdeGeTNrTo3Q23Fs+EUXRhx5IQbBaqAQnuZU= qnieto@paycomet.com\n",
                "username": "azureroot"
              }
            ],
            "admin_username": "azureroot",
            "allow_extension_operations": true,
            "availability_set_id": "",
            "boot_diagnostics": [],
            "capacity_reservation_group_id": "",
            "computer_name": "vm",
            "custom_data": null,
            "dedicated_host_group_id": "",
            "dedicated_host_id": "",
            "disable_password_authentication": true,
            "edge_zone": "",
            "encryption_at_host_enabled": false,
            "eviction_policy": "",
            "extensions_time_budget": "PT1H30M",
            "gallery_application": [],
            "id": "/subscriptions/eef74415-acfe-4016-a033-fa924bad0e2b/resourceGroups/rg_quim/providers/Microsoft.Compute/virtualMachines/vm",
            "identity": [],
            "license_type": "",
            "location": "uksouth",
            "max_bid_price": -1,
            "name": "vm",
            "network_interface_ids": [
              "/subscriptions/eef74415-acfe-4016-a033-fa924bad0e2b/resourceGroups/rg_quim/providers/Microsoft.Network/networkInterfaces/vnic-vm"
            ],
            "os_disk": [
              {
                "caching": "ReadWrite",
                "diff_disk_settings": [],
                "disk_encryption_set_id": "",
                "disk_size_gb": 30,
                "name": "vm_OsDisk_1_23f44398272f42138a211679821d37a9",
                "secure_vm_disk_encryption_set_id": "",
                "security_encryption_type": "",
                "storage_account_type": "Standard_LRS",
                "write_accelerator_enabled": false
              }
            ],
            "patch_assessment_mode": "ImageDefault",
            "patch_mode": "ImageDefault",
            "plan": [
              {
                "name": "centos-8-stream-free",
                "product": "centos-8-stream-free",
                "publisher": "cognosys"
              }
            ],
            "platform_fault_domain": -1,
            "priority": "Regular",
            "private_ip_address": "10.0.2.4",
            "private_ip_addresses": [
              "10.0.2.4"
            ],
            "provision_vm_agent": true,
            "proximity_placement_group_id": "",
            "public_ip_address": "51.142.107.55",
            "public_ip_addresses": [
              "51.142.107.55"
            ],
            "resource_group_name": "rg_quim",
            "secret": [],
            "secure_boot_enabled": false,
            "size": "Standard_DS1_v2",
            "source_image_id": "",
            "source_image_reference": [
              {
                "offer": "centos-8-stream-free",
                "publisher": "cognosys",
                "sku": "centos-8-stream-free",
                "version": "22.03.28"
              }
            ],
            "tags": null,
            "termination_notification": null,
            "timeouts": null,
            "user_data": "",
            "virtual_machine_id": "183ed309-4dd6-4e26-ab30-8d7273731f1d",
            "virtual_machine_scale_set_id": "",
            "vtpm_enabled": false,
            "zone": ""
          },
          "sensitive_attributes": [],
          "private": "eyJlMmJmYjczMC1lY2FhLTExZTYtOGY4OC0zNDM2M2JjN2M0YzAiOnsiY3JlYXRlIjoyNzAwMDAwMDAwMDAwLCJkZWxldGUiOjI3MDAwMDAwMDAwMDAsInJlYWQiOjMwMDAwMDAwMDAwMCwidXBkYXRlIjoyNzAwMDAwMDAwMDAwfX0=",
          "dependencies": [
            "module.virtual_machine.azurerm_network_interface.nic_vm",
            "module.virtual_machine.azurerm_public_ip.pip_vm",
            "module.virtual_machine.azurerm_subnet.subnet",
            "module.virtual_machine.azurerm_virtual_network.vnet"
          ]
        }
      ]
    },
    {
      "module": "module.virtual_machine",
      "mode": "managed",
      "type": "azurerm_network_interface",
      "name": "nic_vm",
      "provider": "provider[\"registry.terraform.io/hashicorp/azurerm\"]",
      "instances": [
        {
          "schema_version": 0,
          "attributes": {
            "applied_dns_servers": [],
            "dns_servers": [],
            "edge_zone": "",
            "enable_accelerated_networking": false,
            "enable_ip_forwarding": false,
            "id": "/subscriptions/eef74415-acfe-4016-a033-fa924bad0e2b/resourceGroups/rg_quim/providers/Microsoft.Network/networkInterfaces/vnic-vm",
            "internal_dns_name_label": "",
            "internal_domain_name_suffix": "mqjjqm30srxujlvqxxdzci0kpg.zx.internal.cloudapp.net",
            "ip_configuration": [
              {
                "gateway_load_balancer_frontend_ip_configuration_id": "",
                "name": "internal",
                "primary": true,
                "private_ip_address": "10.0.2.4",
                "private_ip_address_allocation": "Dynamic",
                "private_ip_address_version": "IPv4",
                "public_ip_address_id": "/subscriptions/eef74415-acfe-4016-a033-fa924bad0e2b/resourceGroups/rg_quim/providers/Microsoft.Network/publicIPAddresses/public-ip-vm",
                "subnet_id": "/subscriptions/eef74415-acfe-4016-a033-fa924bad0e2b/resourceGroups/rg_quim/providers/Microsoft.Network/virtualNetworks/vnet1/subnets/subnet1"
              }
            ],
            "location": "uksouth",
            "mac_address": "",
            "name": "vnic-vm",
            "private_ip_address": "10.0.2.4",
            "private_ip_addresses": [
              "10.0.2.4"
            ],
            "resource_group_name": "rg_quim",
            "tags": null,
            "timeouts": null,
            "virtual_machine_id": ""
          },
          "sensitive_attributes": [],
          "private": "eyJlMmJmYjczMC1lY2FhLTExZTYtOGY4OC0zNDM2M2JjN2M0YzAiOnsiY3JlYXRlIjoxODAwMDAwMDAwMDAwLCJkZWxldGUiOjE4MDAwMDAwMDAwMDAsInJlYWQiOjMwMDAwMDAwMDAwMCwidXBkYXRlIjoxODAwMDAwMDAwMDAwfX0=",
          "dependencies": [
            "module.virtual_machine.azurerm_public_ip.pip_vm",
            "module.virtual_machine.azurerm_subnet.subnet",
            "module.virtual_machine.azurerm_virtual_network.vnet"
          ]
        }
      ]
    },
    {
      "module": "module.virtual_machine",
      "mode": "managed",
      "type": "azurerm_network_security_group",
      "name": "nsg1",
      "provider": "provider[\"registry.terraform.io/hashicorp/azurerm\"]",
      "instances": [
        {
          "schema_version": 0,
          "attributes": {
            "id": "/subscriptions/eef74415-acfe-4016-a033-fa924bad0e2b/resourceGroups/rg_quim/providers/Microsoft.Network/networkSecurityGroups/securitygroup",
            "location": "uksouth",
            "name": "securitygroup",
            "resource_group_name": "rg_quim",
            "security_rule": [
              {
                "access": "Allow",
                "description": "",
                "destination_address_prefix": "*",
                "destination_address_prefixes": [],
                "destination_application_security_group_ids": [],
                "destination_port_range": "22",
                "destination_port_ranges": [],
                "direction": "Inbound",
                "name": "sshrule",
                "priority": 101,
                "protocol": "Tcp",
                "source_address_prefix": "*",
                "source_address_prefixes": [],
                "source_application_security_group_ids": [],
                "source_port_range": "*",
                "source_port_ranges": []
              },
              {
                "access": "Allow",
                "description": "",
                "destination_address_prefix": "*",
                "destination_address_prefixes": [],
                "destination_application_security_group_ids": [],
                "destination_port_range": "8080",
                "destination_port_ranges": [],
                "direction": "Inbound",
                "name": "httprule",
                "priority": 102,
                "protocol": "Tcp",
                "source_address_prefix": "*",
                "source_address_prefixes": [],
                "source_application_security_group_ids": [],
                "source_port_range": "*",
                "source_port_ranges": []
              }
            ],
            "tags": null,
            "timeouts": null
          },
          "sensitive_attributes": [],
          "private": "eyJlMmJmYjczMC1lY2FhLTExZTYtOGY4OC0zNDM2M2JjN2M0YzAiOnsiY3JlYXRlIjoxODAwMDAwMDAwMDAwLCJkZWxldGUiOjE4MDAwMDAwMDAwMDAsInJlYWQiOjMwMDAwMDAwMDAwMCwidXBkYXRlIjoxODAwMDAwMDAwMDAwfX0="
        }
      ]
    },
    {
      "module": "module.virtual_machine",
      "mode": "managed",
      "type": "azurerm_public_ip",
      "name": "pip_vm",
      "provider": "provider[\"registry.terraform.io/hashicorp/azurerm\"]",
      "instances": [
        {
          "schema_version": 0,
          "attributes": {
            "allocation_method": "Dynamic",
            "ddos_protection_mode": "VirtualNetworkInherited",
            "ddos_protection_plan_id": null,
            "domain_name_label": null,
            "edge_zone": "",
            "fqdn": null,
            "id": "/subscriptions/eef74415-acfe-4016-a033-fa924bad0e2b/resourceGroups/rg_quim/providers/Microsoft.Network/publicIPAddresses/public-ip-vm",
            "idle_timeout_in_minutes": 4,
            "ip_address": "",
            "ip_tags": null,
            "ip_version": "IPv4",
            "location": "uksouth",
            "name": "public-ip-vm",
            "public_ip_prefix_id": null,
            "resource_group_name": "rg_quim",
            "reverse_fqdn": null,
            "sku": "Basic",
            "sku_tier": "Regional",
            "tags": null,
            "timeouts": null,
            "zones": null
          },
          "sensitive_attributes": [],
          "private": "eyJlMmJmYjczMC1lY2FhLTExZTYtOGY4OC0zNDM2M2JjN2M0YzAiOnsiY3JlYXRlIjoxODAwMDAwMDAwMDAwLCJkZWxldGUiOjE4MDAwMDAwMDAwMDAsInJlYWQiOjMwMDAwMDAwMDAwMCwidXBkYXRlIjoxODAwMDAwMDAwMDAwfX0="
        }
      ]
    },
    {
      "module": "module.virtual_machine",
      "mode": "managed",
      "type": "azurerm_subnet",
      "name": "subnet",
      "provider": "provider[\"registry.terraform.io/hashicorp/azurerm\"]",
      "instances": [
        {
          "schema_version": 0,
          "attributes": {
            "address_prefixes": [
              "10.0.2.0/24"
            ],
            "delegation": [],
            "enforce_private_link_endpoint_network_policies": false,
            "enforce_private_link_service_network_policies": false,
            "id": "/subscriptions/eef74415-acfe-4016-a033-fa924bad0e2b/resourceGroups/rg_quim/providers/Microsoft.Network/virtualNetworks/vnet1/subnets/subnet1",
            "name": "subnet1",
            "private_endpoint_network_policies_enabled": true,
            "private_link_service_network_policies_enabled": true,
            "resource_group_name": "rg_quim",
            "service_endpoint_policy_ids": null,
            "service_endpoints": null,
            "timeouts": null,
            "virtual_network_name": "vnet1"
          },
          "sensitive_attributes": [],
          "private": "eyJlMmJmYjczMC1lY2FhLTExZTYtOGY4OC0zNDM2M2JjN2M0YzAiOnsiY3JlYXRlIjoxODAwMDAwMDAwMDAwLCJkZWxldGUiOjE4MDAwMDAwMDAwMDAsInJlYWQiOjMwMDAwMDAwMDAwMCwidXBkYXRlIjoxODAwMDAwMDAwMDAwfX0=",
          "dependencies": [
            "module.virtual_machine.azurerm_virtual_network.vnet"
          ]
        }
      ]
    },
    {
      "module": "module.virtual_machine",
      "mode": "managed",
      "type": "azurerm_subnet_network_security_group_association",
      "name": "nsg-link",
      "provider": "provider[\"registry.terraform.io/hashicorp/azurerm\"]",
      "instances": [
        {
          "schema_version": 0,
          "attributes": {
            "id": "/subscriptions/eef74415-acfe-4016-a033-fa924bad0e2b/resourceGroups/rg_quim/providers/Microsoft.Network/virtualNetworks/vnet1/subnets/subnet1",
            "network_security_group_id": "/subscriptions/eef74415-acfe-4016-a033-fa924bad0e2b/resourceGroups/rg_quim/providers/Microsoft.Network/networkSecurityGroups/securitygroup",
            "subnet_id": "/subscriptions/eef74415-acfe-4016-a033-fa924bad0e2b/resourceGroups/rg_quim/providers/Microsoft.Network/virtualNetworks/vnet1/subnets/subnet1",
            "timeouts": null
          },
          "sensitive_attributes": [],
          "private": "eyJlMmJmYjczMC1lY2FhLTExZTYtOGY4OC0zNDM2M2JjN2M0YzAiOnsiY3JlYXRlIjoxODAwMDAwMDAwMDAwLCJkZWxldGUiOjE4MDAwMDAwMDAwMDAsInJlYWQiOjMwMDAwMDAwMDAwMCwidXBkYXRlIjoxODAwMDAwMDAwMDAwfX0=",
          "dependencies": [
            "module.virtual_machine.azurerm_network_security_group.nsg1",
            "module.virtual_machine.azurerm_subnet.subnet",
            "module.virtual_machine.azurerm_virtual_network.vnet"
          ]
        }
      ]
    },
    {
      "module": "module.virtual_machine",
      "mode": "managed",
      "type": "azurerm_virtual_network",
      "name": "vnet",
      "provider": "provider[\"registry.terraform.io/hashicorp/azurerm\"]",
      "instances": [
        {
          "schema_version": 0,
          "attributes": {
            "address_space": [
              "10.0.0.0/16"
            ],
            "bgp_community": "",
            "ddos_protection_plan": [],
            "dns_servers": [],
            "edge_zone": "",
            "flow_timeout_in_minutes": 0,
            "guid": "33981264-94ba-446f-aeb0-bdc791234a7e",
            "id": "/subscriptions/eef74415-acfe-4016-a033-fa924bad0e2b/resourceGroups/rg_quim/providers/Microsoft.Network/virtualNetworks/vnet1",
            "location": "uksouth",
            "name": "vnet1",
            "resource_group_name": "rg_quim",
            "subnet": [],
            "tags": null,
            "timeouts": null
          },
          "sensitive_attributes": [],
          "private": "eyJlMmJmYjczMC1lY2FhLTExZTYtOGY4OC0zNDM2M2JjN2M0YzAiOnsiY3JlYXRlIjoxODAwMDAwMDAwMDAwLCJkZWxldGUiOjE4MDAwMDAwMDAwMDAsInJlYWQiOjMwMDAwMDAwMDAwMCwidXBkYXRlIjoxODAwMDAwMDAwMDAwfX0="
        }
      ]
    }
  ],
  "check_results": null
}
